
Microsoft Visual Studio Solution File, Format Version 12.00
# Visual Studio Version 16
VisualStudioVersion = 16.0.30907.101
MinimumVisualStudioVersion = 10.0.40219.1
Project("{FAE04EC0-301F-11D3-BF4B-00C04F79EFBC}") = "1_shipping", "1_shipping\1_shipping.csproj", "{FFD6DF9E-ACEA-4B6B-BEE7-3E4A81E0460E}"
EndProject
Global
	GlobalSection(SolutionConfigurationPlatforms) = preSolution
		Debug|Any CPU = Debug|Any CPU
		Release|Any CPU = Release|Any CPU
	EndGlobalSection
	GlobalSection(ProjectConfigurationPlatforms) = postSolution
		{FFD6DF9E-ACEA-4B6B-BEE7-3E4A81E0460E}.Debug|Any CPU.ActiveCfg = Debug|Any CPU
		{FFD6DF9E-ACEA-4B6B-BEE7-3E4A81E0460E}.Debug|Any CPU.Build.0 = Debug|Any CPU
		{FFD6DF9E-ACEA-4B6B-BEE7-3E4A81E0460E}.Release|Any CPU.ActiveCfg = Release|Any CPU
		{FFD6DF9E-ACEA-4B6B-BEE7-3E4A81E0460E}.Release|Any CPU.Build.0 = Release|Any CPU
	EndGlobalSection
	GlobalSection(SolutionProperties) = preSolution
		HideSolutionNode = FALSE
	EndGlobalSection
	GlobalSection(ExtensibilityGlobals) = postSolution
		SolutionGuid = {BC145AD9-911F-4B4B-B346-A55F4467B3ED}
	EndGlobalSection
EndGlobal
